
Microsoft Visual Studio Solution File, Format Version 12.00
# Visual Studio Version 17
VisualStudioVersion = 17.7.34024.191
MinimumVisualStudioVersion = 10.0.40219.1
Project("{FAE04EC0-301F-11D3-BF4B-00C04F79EFBC}") = "Lab4 Implement_lexical_analyzer_using_two_buffers", "Lab4 Implement_lexical_analyzer_using_two_buffers.csproj", "{E3474336-FC3E-4199-9C55-1C600F78378F}"
EndProject
Global
	GlobalSection(SolutionConfigurationPlatforms) = preSolution
		Debug|Any CPU = Debug|Any CPU
		Release|Any CPU = Release|Any CPU
	EndGlobalSection
	GlobalSection(ProjectConfigurationPlatforms) = postSolution
		{E3474336-FC3E-4199-9C55-1C600F78378F}.Debug|Any CPU.ActiveCfg = Debug|Any CPU
		{E3474336-FC3E-4199-9C55-1C600F78378F}.Debug|Any CPU.Build.0 = Debug|Any CPU
		{E3474336-FC3E-4199-9C55-1C600F78378F}.Release|Any CPU.ActiveCfg = Release|Any CPU
		{E3474336-FC3E-4199-9C55-1C600F78378F}.Release|Any CPU.Build.0 = Release|Any CPU
	EndGlobalSection
	GlobalSection(SolutionProperties) = preSolution
		HideSolutionNode = FALSE
	EndGlobalSection
	GlobalSection(ExtensibilityGlobals) = postSolution
		SolutionGuid = {4F146A45-6D8D-45FC-8D79-5BED12114C06}
	EndGlobalSection
EndGlobal
