
Microsoft Visual Studio Solution File, Format Version 12.00
# Visual Studio Version 17
VisualStudioVersion = 17.7.34024.191
MinimumVisualStudioVersion = 10.0.40219.1
Project("{FAE04EC0-301F-11D3-BF4B-00C04F79EFBC}") = "LAB7_HASNAIN005", "LAB7_HASNAIN005.csproj", "{7192B3BA-3158-4BE7-9637-D24F277C795C}"
EndProject
Global
	GlobalSection(SolutionConfigurationPlatforms) = preSolution
		Debug|Any CPU = Debug|Any CPU
		Release|Any CPU = Release|Any CPU
	EndGlobalSection
	GlobalSection(ProjectConfigurationPlatforms) = postSolution
		{7192B3BA-3158-4BE7-9637-D24F277C795C}.Debug|Any CPU.ActiveCfg = Debug|Any CPU
		{7192B3BA-3158-4BE7-9637-D24F277C795C}.Debug|Any CPU.Build.0 = Debug|Any CPU
		{7192B3BA-3158-4BE7-9637-D24F277C795C}.Release|Any CPU.ActiveCfg = Release|Any CPU
		{7192B3BA-3158-4BE7-9637-D24F277C795C}.Release|Any CPU.Build.0 = Release|Any CPU
	EndGlobalSection
	GlobalSection(SolutionProperties) = preSolution
		HideSolutionNode = FALSE
	EndGlobalSection
	GlobalSection(ExtensibilityGlobals) = postSolution
		SolutionGuid = {4E6834B8-3D5E-448F-92A2-B7181AE1848F}
	EndGlobalSection
EndGlobal
